
Microsoft Visual Studio Solution File, Format Version 12.00
# Visual Studio Version 17
VisualStudioVersion = 17.6.33712.159
MinimumVisualStudioVersion = 10.0.40219.1
Project("{FAE04EC0-301F-11D3-BF4B-00C04F79EFBC}") = "SumaDosNumeros", "SumaDosNumeros.csproj", "{43C44717-D73E-47FB-AEE1-F13863198270}"
EndProject
Global
	GlobalSection(SolutionConfigurationPlatforms) = preSolution
		Debug|Any CPU = Debug|Any CPU
		Release|Any CPU = Release|Any CPU
	EndGlobalSection
	GlobalSection(ProjectConfigurationPlatforms) = postSolution
		{43C44717-D73E-47FB-AEE1-F13863198270}.Debug|Any CPU.ActiveCfg = Debug|Any CPU
		{43C44717-D73E-47FB-AEE1-F13863198270}.Debug|Any CPU.Build.0 = Debug|Any CPU
		{43C44717-D73E-47FB-AEE1-F13863198270}.Release|Any CPU.ActiveCfg = Release|Any CPU
		{43C44717-D73E-47FB-AEE1-F13863198270}.Release|Any CPU.Build.0 = Release|Any CPU
	EndGlobalSection
	GlobalSection(SolutionProperties) = preSolution
		HideSolutionNode = FALSE
	EndGlobalSection
	GlobalSection(ExtensibilityGlobals) = postSolution
		SolutionGuid = {C62833C8-C6A7-4BA9-9F7E-815BE49903A2}
	EndGlobalSection
EndGlobal
