
Microsoft Visual Studio Solution File, Format Version 12.00
# Visual Studio Version 17
VisualStudioVersion = 17.6.33717.318
MinimumVisualStudioVersion = 10.0.40219.1
Project("{FAE04EC0-301F-11D3-BF4B-00C04F79EFBC}") = "LINQ", "LINQ\LINQ.csproj", "{3BFAE98C-8BE1-4151-831A-3E54992E6A2B}"
EndProject
Global
	GlobalSection(SolutionConfigurationPlatforms) = preSolution
		Debug|Any CPU = Debug|Any CPU
		Release|Any CPU = Release|Any CPU
	EndGlobalSection
	GlobalSection(ProjectConfigurationPlatforms) = postSolution
		{3BFAE98C-8BE1-4151-831A-3E54992E6A2B}.Debug|Any CPU.ActiveCfg = Debug|Any CPU
		{3BFAE98C-8BE1-4151-831A-3E54992E6A2B}.Debug|Any CPU.Build.0 = Debug|Any CPU
		{3BFAE98C-8BE1-4151-831A-3E54992E6A2B}.Release|Any CPU.ActiveCfg = Release|Any CPU
		{3BFAE98C-8BE1-4151-831A-3E54992E6A2B}.Release|Any CPU.Build.0 = Release|Any CPU
	EndGlobalSection
	GlobalSection(SolutionProperties) = preSolution
		HideSolutionNode = FALSE
	EndGlobalSection
	GlobalSection(ExtensibilityGlobals) = postSolution
		SolutionGuid = {91A5864C-1DC5-4808-807F-6F87EE8477BB}
	EndGlobalSection
EndGlobal
