
Microsoft Visual Studio Solution File, Format Version 12.00
# Visual Studio Version 17
VisualStudioVersion = 17.6.33717.318
MinimumVisualStudioVersion = 10.0.40219.1
Project("{FAE04EC0-301F-11D3-BF4B-00C04F79EFBC}") = "ColeccionesStackPilas", "ColeccionesStackPilas\ColeccionesStackPilas.csproj", "{0A00E317-9B5C-41E0-8540-C30DEF9EC442}"
EndProject
Global
	GlobalSection(SolutionConfigurationPlatforms) = preSolution
		Debug|Any CPU = Debug|Any CPU
		Release|Any CPU = Release|Any CPU
	EndGlobalSection
	GlobalSection(ProjectConfigurationPlatforms) = postSolution
		{0A00E317-9B5C-41E0-8540-C30DEF9EC442}.Debug|Any CPU.ActiveCfg = Debug|Any CPU
		{0A00E317-9B5C-41E0-8540-C30DEF9EC442}.Debug|Any CPU.Build.0 = Debug|Any CPU
		{0A00E317-9B5C-41E0-8540-C30DEF9EC442}.Release|Any CPU.ActiveCfg = Release|Any CPU
		{0A00E317-9B5C-41E0-8540-C30DEF9EC442}.Release|Any CPU.Build.0 = Release|Any CPU
	EndGlobalSection
	GlobalSection(SolutionProperties) = preSolution
		HideSolutionNode = FALSE
	EndGlobalSection
	GlobalSection(ExtensibilityGlobals) = postSolution
		SolutionGuid = {5E2396AA-472C-4158-8EA7-4B8038E0C97A}
	EndGlobalSection
EndGlobal
